
Microsoft Visual Studio Solution File, Format Version 12.00
# Visual Studio Version 16
VisualStudioVersion = 16.0.31624.102
MinimumVisualStudioVersion = 10.0.40219.1
Project("{2150E333-8FDC-42A3-9474-1A3956D46DE8}") = "Services", "Services", "{94AE3C66-A41D-4A88-8C44-29623141AF92}"
EndProject
Project("{2150E333-8FDC-42A3-9474-1A3956D46DE8}") = "Catalog", "Catalog", "{DC8D207C-AAD3-488B-9074-1B73B5CAE11A}"
EndProject
Project("{9A19103F-16F7-4668-BE54-9A1E7A4F7556}") = "Catalog.API", "Services\Catalog\Catalog.API\Catalog.API.csproj", "{29EDE7A0-EA52-4BDD-B69A-97EA43ABEEFD}"
EndProject
Project("{E53339B2-1760-4266-BCC7-CA923CBCF16C}") = "docker-compose", "docker-compose.dcproj", "{5C582573-9159-4179-A619-F821134C9EB3}"
EndProject
Project("{2150E333-8FDC-42A3-9474-1A3956D46DE8}") = "Basket", "Basket", "{255A8E3E-B908-416A-894A-42B65A6AF793}"
EndProject
Project("{9A19103F-16F7-4668-BE54-9A1E7A4F7556}") = "Basket.API", "Services\Basket\Basket.API\Basket.API.csproj", "{8087295A-1AE8-466C-9C06-E388D04E4563}"
EndProject
Project("{2150E333-8FDC-42A3-9474-1A3956D46DE8}") = "Discount", "Discount", "{724BF9C4-71FB-4B19-8761-969449675BDD}"
EndProject
Project("{9A19103F-16F7-4668-BE54-9A1E7A4F7556}") = "Discount.API", "Services\Discount\Discount.API\Discount.API.csproj", "{42CA2459-DAE5-4AAC-A6D4-E2F391BB5B34}"
EndProject
Project("{9A19103F-16F7-4668-BE54-9A1E7A4F7556}") = "Discount.Grpc", "Services\Discount\Discount.Grpc\Discount.Grpc.csproj", "{D3E70261-8B0C-4DC5-90D6-DCC6D99D12CF}"
EndProject
Project("{2150E333-8FDC-42A3-9474-1A3956D46DE8}") = "Ordering", "Ordering", "{C61CE6AC-F7A3-4757-B5FB-3D837F714C2F}"
EndProject
Project("{FAE04EC0-301F-11D3-BF4B-00C04F79EFBC}") = "Ordering.API", "Services\Ordering\Ordering.API\Ordering.API.csproj", "{C83A03D0-CB41-431A-9A35-2E05ABEA9D31}"
EndProject
Project("{FAE04EC0-301F-11D3-BF4B-00C04F79EFBC}") = "Ordering.Domain", "Services\Ordering\Ordering.Domain\Ordering.Domain.csproj", "{65C8E9B1-1893-425E-8F81-94F1E5512FA0}"
EndProject
Project("{FAE04EC0-301F-11D3-BF4B-00C04F79EFBC}") = "Ordering.Application", "Services\Ordering\Ordering.Application\Ordering.Application.csproj", "{1EAAC83F-C24E-46AF-A0D2-153B9EC3B464}"
	ProjectSection(ProjectDependencies) = postProject
		{65C8E9B1-1893-425E-8F81-94F1E5512FA0} = {65C8E9B1-1893-425E-8F81-94F1E5512FA0}
	EndProjectSection
EndProject
Project("{FAE04EC0-301F-11D3-BF4B-00C04F79EFBC}") = "Ordering.Infrastructure", "Services\Ordering\Ordering.Infrastructure\Ordering.Infrastructure.csproj", "{0F9FD89F-D05A-485A-B4F1-C4A009169FEF}"
EndProject
Global
	GlobalSection(SolutionConfigurationPlatforms) = preSolution
		Debug|Any CPU = Debug|Any CPU
		Release|Any CPU = Release|Any CPU
	EndGlobalSection
	GlobalSection(ProjectConfigurationPlatforms) = postSolution
		{29EDE7A0-EA52-4BDD-B69A-97EA43ABEEFD}.Debug|Any CPU.ActiveCfg = Debug|Any CPU
		{29EDE7A0-EA52-4BDD-B69A-97EA43ABEEFD}.Debug|Any CPU.Build.0 = Debug|Any CPU
		{29EDE7A0-EA52-4BDD-B69A-97EA43ABEEFD}.Release|Any CPU.ActiveCfg = Release|Any CPU
		{29EDE7A0-EA52-4BDD-B69A-97EA43ABEEFD}.Release|Any CPU.Build.0 = Release|Any CPU
		{5C582573-9159-4179-A619-F821134C9EB3}.Debug|Any CPU.ActiveCfg = Debug|Any CPU
		{5C582573-9159-4179-A619-F821134C9EB3}.Debug|Any CPU.Build.0 = Debug|Any CPU
		{5C582573-9159-4179-A619-F821134C9EB3}.Release|Any CPU.ActiveCfg = Release|Any CPU
		{5C582573-9159-4179-A619-F821134C9EB3}.Release|Any CPU.Build.0 = Release|Any CPU
		{8087295A-1AE8-466C-9C06-E388D04E4563}.Debug|Any CPU.ActiveCfg = Debug|Any CPU
		{8087295A-1AE8-466C-9C06-E388D04E4563}.Debug|Any CPU.Build.0 = Debug|Any CPU
		{8087295A-1AE8-466C-9C06-E388D04E4563}.Release|Any CPU.ActiveCfg = Release|Any CPU
		{8087295A-1AE8-466C-9C06-E388D04E4563}.Release|Any CPU.Build.0 = Release|Any CPU
		{42CA2459-DAE5-4AAC-A6D4-E2F391BB5B34}.Debug|Any CPU.ActiveCfg = Debug|Any CPU
		{42CA2459-DAE5-4AAC-A6D4-E2F391BB5B34}.Debug|Any CPU.Build.0 = Debug|Any CPU
		{42CA2459-DAE5-4AAC-A6D4-E2F391BB5B34}.Release|Any CPU.ActiveCfg = Release|Any CPU
		{42CA2459-DAE5-4AAC-A6D4-E2F391BB5B34}.Release|Any CPU.Build.0 = Release|Any CPU
		{D3E70261-8B0C-4DC5-90D6-DCC6D99D12CF}.Debug|Any CPU.ActiveCfg = Debug|Any CPU
		{D3E70261-8B0C-4DC5-90D6-DCC6D99D12CF}.Debug|Any CPU.Build.0 = Debug|Any CPU
		{D3E70261-8B0C-4DC5-90D6-DCC6D99D12CF}.Release|Any CPU.ActiveCfg = Release|Any CPU
		{D3E70261-8B0C-4DC5-90D6-DCC6D99D12CF}.Release|Any CPU.Build.0 = Release|Any CPU
		{C83A03D0-CB41-431A-9A35-2E05ABEA9D31}.Debug|Any CPU.ActiveCfg = Debug|Any CPU
		{C83A03D0-CB41-431A-9A35-2E05ABEA9D31}.Debug|Any CPU.Build.0 = Debug|Any CPU
		{C83A03D0-CB41-431A-9A35-2E05ABEA9D31}.Release|Any CPU.ActiveCfg = Release|Any CPU
		{C83A03D0-CB41-431A-9A35-2E05ABEA9D31}.Release|Any CPU.Build.0 = Release|Any CPU
		{65C8E9B1-1893-425E-8F81-94F1E5512FA0}.Debug|Any CPU.ActiveCfg = Debug|Any CPU
		{65C8E9B1-1893-425E-8F81-94F1E5512FA0}.Debug|Any CPU.Build.0 = Debug|Any CPU
		{65C8E9B1-1893-425E-8F81-94F1E5512FA0}.Release|Any CPU.ActiveCfg = Release|Any CPU
		{65C8E9B1-1893-425E-8F81-94F1E5512FA0}.Release|Any CPU.Build.0 = Release|Any CPU
		{1EAAC83F-C24E-46AF-A0D2-153B9EC3B464}.Debug|Any CPU.ActiveCfg = Debug|Any CPU
		{1EAAC83F-C24E-46AF-A0D2-153B9EC3B464}.Debug|Any CPU.Build.0 = Debug|Any CPU
		{1EAAC83F-C24E-46AF-A0D2-153B9EC3B464}.Release|Any CPU.ActiveCfg = Release|Any CPU
		{1EAAC83F-C24E-46AF-A0D2-153B9EC3B464}.Release|Any CPU.Build.0 = Release|Any CPU
		{0F9FD89F-D05A-485A-B4F1-C4A009169FEF}.Debug|Any CPU.ActiveCfg = Debug|Any CPU
		{0F9FD89F-D05A-485A-B4F1-C4A009169FEF}.Debug|Any CPU.Build.0 = Debug|Any CPU
		{0F9FD89F-D05A-485A-B4F1-C4A009169FEF}.Release|Any CPU.ActiveCfg = Release|Any CPU
		{0F9FD89F-D05A-485A-B4F1-C4A009169FEF}.Release|Any CPU.Build.0 = Release|Any CPU
	EndGlobalSection
	GlobalSection(SolutionProperties) = preSolution
		HideSolutionNode = FALSE
	EndGlobalSection
	GlobalSection(NestedProjects) = preSolution
		{DC8D207C-AAD3-488B-9074-1B73B5CAE11A} = {94AE3C66-A41D-4A88-8C44-29623141AF92}
		{29EDE7A0-EA52-4BDD-B69A-97EA43ABEEFD} = {DC8D207C-AAD3-488B-9074-1B73B5CAE11A}
		{255A8E3E-B908-416A-894A-42B65A6AF793} = {94AE3C66-A41D-4A88-8C44-29623141AF92}
		{8087295A-1AE8-466C-9C06-E388D04E4563} = {255A8E3E-B908-416A-894A-42B65A6AF793}
		{724BF9C4-71FB-4B19-8761-969449675BDD} = {94AE3C66-A41D-4A88-8C44-29623141AF92}
		{42CA2459-DAE5-4AAC-A6D4-E2F391BB5B34} = {724BF9C4-71FB-4B19-8761-969449675BDD}
		{D3E70261-8B0C-4DC5-90D6-DCC6D99D12CF} = {724BF9C4-71FB-4B19-8761-969449675BDD}
		{C61CE6AC-F7A3-4757-B5FB-3D837F714C2F} = {94AE3C66-A41D-4A88-8C44-29623141AF92}
		{C83A03D0-CB41-431A-9A35-2E05ABEA9D31} = {C61CE6AC-F7A3-4757-B5FB-3D837F714C2F}
		{65C8E9B1-1893-425E-8F81-94F1E5512FA0} = {C61CE6AC-F7A3-4757-B5FB-3D837F714C2F}
		{1EAAC83F-C24E-46AF-A0D2-153B9EC3B464} = {C61CE6AC-F7A3-4757-B5FB-3D837F714C2F}
		{0F9FD89F-D05A-485A-B4F1-C4A009169FEF} = {C61CE6AC-F7A3-4757-B5FB-3D837F714C2F}
	EndGlobalSection
	GlobalSection(ExtensibilityGlobals) = postSolution
		SolutionGuid = {6D1ECE0F-FAA9-4AFA-8563-4AD15296FC69}
	EndGlobalSection
EndGlobal
